
Microsoft Visual Studio Solution File, Format Version 12.00
# Visual Studio Version 17
VisualStudioVersion = 17.4.33205.214
MinimumVisualStudioVersion = 10.0.40219.1
Project("{888888A0-9F3D-457C-B088-3A5042F75D52}") = "graafika", "graafika.pyproj", "{8D558B1A-FE94-4204-9051-570E4CEBDB49}"
EndProject
Global
	GlobalSection(SolutionConfigurationPlatforms) = preSolution
		Debug|Any CPU = Debug|Any CPU
		Release|Any CPU = Release|Any CPU
	EndGlobalSection
	GlobalSection(ProjectConfigurationPlatforms) = postSolution
		{8D558B1A-FE94-4204-9051-570E4CEBDB49}.Debug|Any CPU.ActiveCfg = Debug|Any CPU
		{8D558B1A-FE94-4204-9051-570E4CEBDB49}.Release|Any CPU.ActiveCfg = Release|Any CPU
	EndGlobalSection
	GlobalSection(SolutionProperties) = preSolution
		HideSolutionNode = FALSE
	EndGlobalSection
	GlobalSection(ExtensibilityGlobals) = postSolution
		SolutionGuid = {797B2A12-B417-4F24-8934-1F7ABFCC8A24}
	EndGlobalSection
EndGlobal
